<?xml version="1.0" encoding="utf-8"?>
<Project ToolsVersion="4.0" xmlns="http://schemas.microsoft.com/developer/msbuild/2003">
  <ItemGroup>
    <Filter Include="Header Files">
      <UniqueIdentifier>{e65b26ad-a880-4f7d-be10-bfcda313725e}</UniqueIdentifier>
    </Filter>
    <Filter Include="Header Files\CUDA">
      <UniqueIdentifier>{6d9c930b-717a-41a0-afb3-c8da20ad1555}</UniqueIdentifier>
    </Filter>
    <Filter Include="Input Files">
      <UniqueIdentifier>{39bc18d2-6f6f-414b-b54f-bdcbfe807773}</UniqueIdentifier>
    </Filter>
    <Filter Include="Miscellaneous">
      <UniqueIdentifier>{c6d6847f-17cd-4080-a873-4f772d5f2641}</UniqueIdentifier>
    </Filter>
    <Filter Include="Source Files">
      <UniqueIdentifier>{f69e1c43-14e7-461d-817d-ea31600856af}</UniqueIdentifier>
    </Filter>
    <Filter Include="Source Files\CUDA">
      <UniqueIdentifier>{2d1f5175-2d73-4e8b-bf87-0f364bb36f3a}</UniqueIdentifier>
    </Filter>
  </ItemGroup>
  <ItemGroup>
    <ClInclude Include="includes\externLib.h">
      <Filter>Header Files</Filter>
    </ClInclude>
    <ClInclude Include="includes\Fluid_multiphase.h">
      <Filter>Header Files</Filter>
    </ClInclude>
    <ClInclude Include="includes\Fluid_multiphase_extern.h">
      <Filter>Header Files</Filter>
    </ClInclude>
    <ClInclude Include="includes\Fluid_singlephase.h">
      <Filter>Header Files</Filter>
    </ClInclude>
    <ClInclude Include="includes\Fluid_singlephase_extern.h">
      <Filter>Header Files</Filter>
    </ClInclude>
    <ClInclude Include="includes\Geometry_preprocessing.h">
      <Filter>Header Files</Filter>
    </ClInclude>
    <ClInclude Include="includes\Idx_cpu.h">
      <Filter>Header Files</Filter>
    </ClInclude>
    <ClInclude Include="includes\Init_multiphase.h">
      <Filter>Header Files</Filter>
    </ClInclude>
    <ClInclude Include="includes\Init_multiphase_GPU.h">
      <Filter>Header Files</Filter>
    </ClInclude>
    <ClInclude Include="includes\IO_multiphase.h">
      <Filter>Header Files</Filter>
    </ClInclude>
    <ClInclude Include="includes\main_iteration_GPU.h">
      <Filter>Header Files</Filter>
    </ClInclude>
    <ClInclude Include="includes\Misc.h">
      <Filter>Header Files</Filter>
    </ClInclude>
    <ClInclude Include="includes\Module.h">
      <Filter>Header Files</Filter>
    </ClInclude>
    <ClInclude Include="includes\Module_extern.h">
      <Filter>Header Files</Filter>
    </ClInclude>
    <ClInclude Include="includes\Monitor.h">
      <Filter>Header Files</Filter>
    </ClInclude>
    <ClInclude Include="includes\Phase_gradient.h">
      <Filter>Header Files</Filter>
    </ClInclude>
    <ClInclude Include="includes\preprocessor.h">
      <Filter>Header Files</Filter>
    </ClInclude>
    <ClInclude Include="includes\solver_precision.h">
      <Filter>Header Files</Filter>
    </ClInclude>
    <ClInclude Include="includes\utils.h">
      <Filter>Header Files</Filter>
    </ClInclude>
    <ClInclude Include="includes\externLib_CUDA.cuh">
      <Filter>Header Files\CUDA</Filter>
    </ClInclude>
    <ClInclude Include="includes\Global_Variables_GPU.cuh">
      <Filter>Header Files\CUDA</Filter>
    </ClInclude>
    <ClInclude Include="includes\Idx_gpu.cuh">
      <Filter>Header Files\CUDA</Filter>
    </ClInclude>
    <ClInclude Include="includes\utils_GPU.cuh">
      <Filter>Header Files\CUDA</Filter>
    </ClInclude>
  </ItemGroup>
  <ItemGroup>
    <ClCompile Include="src\Geometry_preprocessing.cpp">
      <Filter>Source Files</Filter>
    </ClCompile>
    <ClCompile Include="src\Init_multiphase.cpp">
      <Filter>Source Files</Filter>
    </ClCompile>
    <ClCompile Include="src\IO_multiphase.cpp">
      <Filter>Source Files</Filter>
    </ClCompile>
    <ClCompile Include="src\main.cpp">
      <Filter>Source Files</Filter>
    </ClCompile>
    <ClCompile Include="src\Misc.cpp">
      <Filter>Source Files</Filter>
    </ClCompile>
    <ClCompile Include="src\Monitor.cpp">
      <Filter>Source Files</Filter>
    </ClCompile>
    <ClCompile Include="src\Phase_gradient.cpp">
      <Filter>Source Files</Filter>
    </ClCompile>
    <ClCompile Include="src\utils.cpp">
      <Filter>Source Files</Filter>
    </ClCompile>
  </ItemGroup>
  <ItemGroup>
    <CudaCompile Include="src\Init_multiphase_GPU.cu">
      <Filter>Source Files\CUDA</Filter>
    </CudaCompile>
    <CudaCompile Include="src\main_iteration_GPU.cu">
      <Filter>Source Files\CUDA</Filter>
    </CudaCompile>
  </ItemGroup>
  <ItemGroup>
    <Text Include="input\Geometry_File_Path.txt">
      <Filter>Input Files</Filter>
    </Text>
    <Text Include="input\job_status.txt">
      <Filter>Input Files</Filter>
    </Text>
    <Text Include="input\simulation_control.txt">
      <Filter>Input Files</Filter>
    </Text>
  </ItemGroup>
  <ItemGroup>
    <None Include="LICENSE">
      <Filter>Miscellaneous</Filter>
    </None>
    <None Include="Makefile">
      <Filter>Miscellaneous</Filter>
    </None>
  </ItemGroup>
  <ItemGroup>
    <Image Include="snapshot\PD_0.687.jpg">
      <Filter>Miscellaneous</Filter>
    </Image>
  </ItemGroup>
</Project>